
Microsoft Visual Studio Solution File, Format Version 12.00
# Visual Studio 2012
Project("{FAE04EC0-301F-11D3-BF4B-00C04F79EFBC}") = "Assembler", "Assembler\Assembler.csproj", "{B2F2C295-5336-41CF-BADC-72791C53E245}"
EndProject
Project("{FAE04EC0-301F-11D3-BF4B-00C04F79EFBC}") = "Simulator", "Simulator\Simulator.csproj", "{8A511FFB-98B8-47B7-999F-D00F28A30F1B}"
EndProject
Global
	GlobalSection(SolutionConfigurationPlatforms) = preSolution
		Debug|Any CPU = Debug|Any CPU
		Release|Any CPU = Release|Any CPU
	EndGlobalSection
	GlobalSection(ProjectConfigurationPlatforms) = postSolution
		{B2F2C295-5336-41CF-BADC-72791C53E245}.Debug|Any CPU.ActiveCfg = Debug|Any CPU
		{B2F2C295-5336-41CF-BADC-72791C53E245}.Debug|Any CPU.Build.0 = Debug|Any CPU
		{B2F2C295-5336-41CF-BADC-72791C53E245}.Release|Any CPU.ActiveCfg = Release|Any CPU
		{B2F2C295-5336-41CF-BADC-72791C53E245}.Release|Any CPU.Build.0 = Release|Any CPU
		{8A511FFB-98B8-47B7-999F-D00F28A30F1B}.Debug|Any CPU.ActiveCfg = Debug|Any CPU
		{8A511FFB-98B8-47B7-999F-D00F28A30F1B}.Debug|Any CPU.Build.0 = Debug|Any CPU
		{8A511FFB-98B8-47B7-999F-D00F28A30F1B}.Release|Any CPU.ActiveCfg = Release|Any CPU
		{8A511FFB-98B8-47B7-999F-D00F28A30F1B}.Release|Any CPU.Build.0 = Release|Any CPU
	EndGlobalSection
	GlobalSection(SolutionProperties) = preSolution
		HideSolutionNode = FALSE
	EndGlobalSection
EndGlobal
